
Microsoft Visual Studio Solution File, Format Version 12.00
# Visual Studio Version 16
VisualStudioVersion = 16.0.30011.22
MinimumVisualStudioVersion = 10.0.40219.1
Project("{FAE04EC0-301F-11D3-BF4B-00C04F79EFBC}") = "AzureLearning", "AzureLearning.csproj", "{01B5B404-AAB5-4074-8F0B-D9AD22CFA00A}"
EndProject
Global
	GlobalSection(SolutionConfigurationPlatforms) = preSolution
		Debug|Any CPU = Debug|Any CPU
		Release|Any CPU = Release|Any CPU
	EndGlobalSection
	GlobalSection(ProjectConfigurationPlatforms) = postSolution
		{01B5B404-AAB5-4074-8F0B-D9AD22CFA00A}.Debug|Any CPU.ActiveCfg = Debug|Any CPU
		{01B5B404-AAB5-4074-8F0B-D9AD22CFA00A}.Debug|Any CPU.Build.0 = Debug|Any CPU
		{01B5B404-AAB5-4074-8F0B-D9AD22CFA00A}.Release|Any CPU.ActiveCfg = Release|Any CPU
		{01B5B404-AAB5-4074-8F0B-D9AD22CFA00A}.Release|Any CPU.Build.0 = Release|Any CPU
	EndGlobalSection
	GlobalSection(SolutionProperties) = preSolution
		HideSolutionNode = FALSE
	EndGlobalSection
	GlobalSection(ExtensibilityGlobals) = postSolution
		SolutionGuid = {72AC48E6-AF86-49AE-AB38-E60557D43AA4}
	EndGlobalSection
EndGlobal
